
Microsoft Visual Studio Solution File, Format Version 12.00
# Visual Studio Version 17
VisualStudioVersion = 17.7.34031.279
MinimumVisualStudioVersion = 10.0.40219.1
Project("{FAE04EC0-301F-11D3-BF4B-00C04F79EFBC}") = "Drone Solar Observation", "Drone Solar Observation.csproj", "{FE0C22E1-CCAF-434B-B5D4-BEEB4A33042B}"
EndProject
Global
	GlobalSection(SolutionConfigurationPlatforms) = preSolution
		Debug|Any CPU = Debug|Any CPU
		Release|Any CPU = Release|Any CPU
	EndGlobalSection
	GlobalSection(ProjectConfigurationPlatforms) = postSolution
		{FE0C22E1-CCAF-434B-B5D4-BEEB4A33042B}.Debug|Any CPU.ActiveCfg = Debug|Any CPU
		{FE0C22E1-CCAF-434B-B5D4-BEEB4A33042B}.Debug|Any CPU.Build.0 = Debug|Any CPU
		{FE0C22E1-CCAF-434B-B5D4-BEEB4A33042B}.Release|Any CPU.ActiveCfg = Release|Any CPU
		{FE0C22E1-CCAF-434B-B5D4-BEEB4A33042B}.Release|Any CPU.Build.0 = Release|Any CPU
	EndGlobalSection
	GlobalSection(SolutionProperties) = preSolution
		HideSolutionNode = FALSE
	EndGlobalSection
	GlobalSection(ExtensibilityGlobals) = postSolution
		SolutionGuid = {7DC521C0-A559-4346-857B-9801980C418F}
	EndGlobalSection
EndGlobal
